
Microsoft Visual Studio Solution File, Format Version 12.00
# Visual Studio Version 16
VisualStudioVersion = 16.0.30611.23
MinimumVisualStudioVersion = 10.0.40219.1
Project("{FAE04EC0-301F-11D3-BF4B-00C04F79EFBC}") = "WebApp", "WebApp\WebApp.csproj", "{B4003603-7888-4D7A-B8E3-C808B5CB5157}"
EndProject
Global
	GlobalSection(SolutionConfigurationPlatforms) = preSolution
		Debug|Any CPU = Debug|Any CPU
		Release|Any CPU = Release|Any CPU
	EndGlobalSection
	GlobalSection(ProjectConfigurationPlatforms) = postSolution
		{B4003603-7888-4D7A-B8E3-C808B5CB5157}.Debug|Any CPU.ActiveCfg = Debug|Any CPU
		{B4003603-7888-4D7A-B8E3-C808B5CB5157}.Debug|Any CPU.Build.0 = Debug|Any CPU
		{B4003603-7888-4D7A-B8E3-C808B5CB5157}.Release|Any CPU.ActiveCfg = Release|Any CPU
		{B4003603-7888-4D7A-B8E3-C808B5CB5157}.Release|Any CPU.Build.0 = Release|Any CPU
	EndGlobalSection
	GlobalSection(SolutionProperties) = preSolution
		HideSolutionNode = FALSE
	EndGlobalSection
	GlobalSection(ExtensibilityGlobals) = postSolution
		SolutionGuid = {C614BFFF-EF43-418C-8038-977160A5A36C}
	EndGlobalSection
EndGlobal
